
Microsoft Visual Studio Solution File, Format Version 12.00
# Visual Studio Version 16
VisualStudioVersion = 16.0.32510.428
MinimumVisualStudioVersion = 10.0.40219.1
Project("{FAE04EC0-301F-11D3-BF4B-00C04F79EFBC}") = "shoes", "shoes\shoes.csproj", "{817254C3-C34E-406F-8AC1-938647ACA010}"
EndProject
Global
	GlobalSection(SolutionConfigurationPlatforms) = preSolution
		Debug|Any CPU = Debug|Any CPU
		Release|Any CPU = Release|Any CPU
	EndGlobalSection
	GlobalSection(ProjectConfigurationPlatforms) = postSolution
		{817254C3-C34E-406F-8AC1-938647ACA010}.Debug|Any CPU.ActiveCfg = Debug|Any CPU
		{817254C3-C34E-406F-8AC1-938647ACA010}.Debug|Any CPU.Build.0 = Debug|Any CPU
		{817254C3-C34E-406F-8AC1-938647ACA010}.Release|Any CPU.ActiveCfg = Release|Any CPU
		{817254C3-C34E-406F-8AC1-938647ACA010}.Release|Any CPU.Build.0 = Release|Any CPU
	EndGlobalSection
	GlobalSection(SolutionProperties) = preSolution
		HideSolutionNode = FALSE
	EndGlobalSection
	GlobalSection(ExtensibilityGlobals) = postSolution
		SolutionGuid = {F07EEC85-605F-4330-9D74-ED43A738341B}
	EndGlobalSection
EndGlobal
